{
  "name": "sample-app",
  "version": "0.0.1",
  "lockfileVersion": 2,
  "requires": true,
  "packages": {
    "": {
      "version": "0.0.1",
      "license": "MIT",
      "dependencies": {
        "@stencil/sass": "^1.4.1"
      },
      "devDependencies": {
        "@ionic/core": "^5.3.2",
        "@stencil/core": "^2.0.1"
      }
    },
    "node_modules/@ionic/core": {
      "version": "5.5.5",
      "resolved": "https://registry.npmjs.org/@ionic/core/-/core-5.5.5.tgz",
      "integrity": "sha512-i5KTiRuGa9PTUULy8rTQDDDw3FbxzYiOoSdKGNC0v7UOpMv9ReRixMWd5J0cfY17VRrua2aqNsqZXYwuInVnRQ==",
      "dev": true,
      "dependencies": {
        "ionicons": "^5.1.2",
        "tslib": "^1.10.0"
      }
    },
    "node_modules/@stencil/core": {
      "version": "2.4.0",
      "resolved": "https://registry.npmjs.org/@stencil/core/-/core-2.4.0.tgz",
      "integrity": "sha512-gU6+Yyd6O0KrCSS/O6j8KKqmRo+/Dcs2fI0+APCpbAWK+nqhwDISpdnSEfGDCLMoAC08XOZCycBRk2K1VGnEcg==",
      "bin": {
        "stencil": "bin/stencil"
      },
      "engines": {
        "node": ">=12.10.0",
        "npm": ">=6.0.0"
      }
    },
    "node_modules/@stencil/sass": {
      "version": "1.4.1",
      "resolved": "https://registry.npmjs.org/@stencil/sass/-/sass-1.4.1.tgz",
      "integrity": "sha512-aFKoqtxZ/8BRbvNFiWRycGiqvMI22Ifn5qsKfq0U23j43XD81jT6d7K0WQd55ejNpoSpdxJcbOuFgQy3mXizfA==",
      "peerDependencies": {
        "@stencil/core": ">=1.0.2"
      }
    },
    "node_modules/ionicons": {
      "version": "5.5.0",
      "resolved": "https://registry.npmjs.org/ionicons/-/ionicons-5.5.0.tgz",
      "integrity": "sha512-0DUHTeoIrGSY+KNyNDaQW7v5+mDstjSkjx8dzT925kXKYBDrN3sGs8kUcSSQbTK132U4CbgDEZkn7FDUa9x8Qw==",
      "dev": true,
      "dependencies": {
        "@stencil/core": "^2.4.0"
      }
    },
    "node_modules/tslib": {
      "version": "1.14.1",
      "resolved": "https://registry.npmjs.org/tslib/-/tslib-1.14.1.tgz",
      "integrity": "sha512-Xni35NKzjgMrwevysHTCArtLDpPvye8zV/0E4EyYn43P7/7qvQwPh9BGkHewbMulVntbigmcT7rdX3BNo9wRJg==",
      "dev": true
    }
  },
  "dependencies": {
    "@ionic/core": {
      "version": "5.5.5",
      "resolved": "https://registry.npmjs.org/@ionic/core/-/core-5.5.5.tgz",
      "integrity": "sha512-i5KTiRuGa9PTUULy8rTQDDDw3FbxzYiOoSdKGNC0v7UOpMv9ReRixMWd5J0cfY17VRrua2aqNsqZXYwuInVnRQ==",
      "dev": true,
      "requires": {
        "ionicons": "^5.1.2",
        "tslib": "^1.10.0"
      }
    },
    "@stencil/core": {
      "version": "2.4.0",
      "resolved": "https://registry.npmjs.org/@stencil/core/-/core-2.4.0.tgz",
      "integrity": "sha512-gU6+Yyd6O0KrCSS/O6j8KKqmRo+/Dcs2fI0+APCpbAWK+nqhwDISpdnSEfGDCLMoAC08XOZCycBRk2K1VGnEcg=="
    },
    "@stencil/sass": {
      "version": "1.4.1",
      "resolved": "https://registry.npmjs.org/@stencil/sass/-/sass-1.4.1.tgz",
      "integrity": "sha512-aFKoqtxZ/8BRbvNFiWRycGiqvMI22Ifn5qsKfq0U23j43XD81jT6d7K0WQd55ejNpoSpdxJcbOuFgQy3mXizfA==",
      "requires": {}
    },
    "ionicons": {
      "version": "5.5.0",
      "resolved": "https://registry.npmjs.org/ionicons/-/ionicons-5.5.0.tgz",
      "integrity": "sha512-0DUHTeoIrGSY+KNyNDaQW7v5+mDstjSkjx8dzT925kXKYBDrN3sGs8kUcSSQbTK132U4CbgDEZkn7FDUa9x8Qw==",
      "dev": true,
      "requires": {
        "@stencil/core": "^2.4.0"
      }
    },
    "tslib": {
      "version": "1.14.1",
      "resolved": "https://registry.npmjs.org/tslib/-/tslib-1.14.1.tgz",
      "integrity": "sha512-Xni35NKzjgMrwevysHTCArtLDpPvye8zV/0E4EyYn43P7/7qvQwPh9BGkHewbMulVntbigmcT7rdX3BNo9wRJg==",
      "dev": true
    }
  }
}
